
Microsoft Visual Studio Solution File, Format Version 12.00
# Visual Studio Version 17
VisualStudioVersion = 17.1.32328.378
MinimumVisualStudioVersion = 10.0.40219.1
Project("{FAE04EC0-301F-11D3-BF4B-00C04F79EFBC}") = "NorthwindDalCore", "NorthwindDalCore\NorthwindDalCore.csproj", "{A9C81D6B-DD3F-421C-BE30-57A438581F3E}"
EndProject
Project("{FAE04EC0-301F-11D3-BF4B-00C04F79EFBC}") = "NorthwindUnitTest", "NorthwindUnitTest\NorthwindUnitTest.csproj", "{94AC134D-C649-407C-B9D3-A352FD24C369}"
EndProject
Global
	GlobalSection(SolutionConfigurationPlatforms) = preSolution
		Debug|Any CPU = Debug|Any CPU
		Release|Any CPU = Release|Any CPU
	EndGlobalSection
	GlobalSection(ProjectConfigurationPlatforms) = postSolution
		{A9C81D6B-DD3F-421C-BE30-57A438581F3E}.Debug|Any CPU.ActiveCfg = Debug|Any CPU
		{A9C81D6B-DD3F-421C-BE30-57A438581F3E}.Debug|Any CPU.Build.0 = Debug|Any CPU
		{A9C81D6B-DD3F-421C-BE30-57A438581F3E}.Release|Any CPU.ActiveCfg = Release|Any CPU
		{A9C81D6B-DD3F-421C-BE30-57A438581F3E}.Release|Any CPU.Build.0 = Release|Any CPU
		{94AC134D-C649-407C-B9D3-A352FD24C369}.Debug|Any CPU.ActiveCfg = Debug|Any CPU
		{94AC134D-C649-407C-B9D3-A352FD24C369}.Debug|Any CPU.Build.0 = Debug|Any CPU
		{94AC134D-C649-407C-B9D3-A352FD24C369}.Release|Any CPU.ActiveCfg = Release|Any CPU
		{94AC134D-C649-407C-B9D3-A352FD24C369}.Release|Any CPU.Build.0 = Release|Any CPU
	EndGlobalSection
	GlobalSection(SolutionProperties) = preSolution
		HideSolutionNode = FALSE
	EndGlobalSection
	GlobalSection(ExtensibilityGlobals) = postSolution
		SolutionGuid = {F9998998-68DE-43FD-9B27-27EF60CC9F57}
	EndGlobalSection
EndGlobal
