
Microsoft Visual Studio Solution File, Format Version 12.00
# Visual Studio Version 17
VisualStudioVersion = 17.1.32328.378
MinimumVisualStudioVersion = 10.0.40219.1
Project("{FAE04EC0-301F-11D3-BF4B-00C04F79EFBC}") = "NorthwindDal", "NorthwindDal\NorthwindDal.csproj", "{5751031B-04C0-421B-AB08-87FA230F7171}"
EndProject
Project("{FAE04EC0-301F-11D3-BF4B-00C04F79EFBC}") = "NorthwindExplorer", "NorthwindExplorer\NorthwindExplorer.csproj", "{0BA6EF6A-8EB9-4579-8C17-00324E2B6EDD}"
EndProject
Global
	GlobalSection(SolutionConfigurationPlatforms) = preSolution
		Debug|Any CPU = Debug|Any CPU
		Release|Any CPU = Release|Any CPU
	EndGlobalSection
	GlobalSection(ProjectConfigurationPlatforms) = postSolution
		{5751031B-04C0-421B-AB08-87FA230F7171}.Debug|Any CPU.ActiveCfg = Debug|Any CPU
		{5751031B-04C0-421B-AB08-87FA230F7171}.Debug|Any CPU.Build.0 = Debug|Any CPU
		{5751031B-04C0-421B-AB08-87FA230F7171}.Release|Any CPU.ActiveCfg = Release|Any CPU
		{5751031B-04C0-421B-AB08-87FA230F7171}.Release|Any CPU.Build.0 = Release|Any CPU
		{0BA6EF6A-8EB9-4579-8C17-00324E2B6EDD}.Debug|Any CPU.ActiveCfg = Debug|Any CPU
		{0BA6EF6A-8EB9-4579-8C17-00324E2B6EDD}.Debug|Any CPU.Build.0 = Debug|Any CPU
		{0BA6EF6A-8EB9-4579-8C17-00324E2B6EDD}.Release|Any CPU.ActiveCfg = Release|Any CPU
		{0BA6EF6A-8EB9-4579-8C17-00324E2B6EDD}.Release|Any CPU.Build.0 = Release|Any CPU
	EndGlobalSection
	GlobalSection(SolutionProperties) = preSolution
		HideSolutionNode = FALSE
	EndGlobalSection
	GlobalSection(ExtensibilityGlobals) = postSolution
		SolutionGuid = {776FB493-408D-4B95-87F6-7803D6D1F814}
	EndGlobalSection
EndGlobal
